// !$*UTF8*$!
{
	archiveVersion = 1;
	classes = {
	};
	objectVersion = 46;
	objects = {

/* Begin PBXBuildFile section */
		7D026622190CB7A500953F58 /* QSSpotifyPrefPane.xib in Resources */ = {isa = PBXBuildFile; fileRef = 7D026621190CB7A500953F58 /* QSSpotifyPrefPane.xib */; };
		7D026625190CB7C500953F58 /* QSSpotifyPrefPane.m in Sources */ = {isa = PBXBuildFile; fileRef = 7D026624190CB7C500953F58 /* QSSpotifyPrefPane.m */; };
		7D413BC3190E0563008CECFE /* QSSpotifyUtil.m in Sources */ = {isa = PBXBuildFile; fileRef = 7D413BC2190E0563008CECFE /* QSSpotifyUtil.m */; };
		7D8875621A198AC8008A8F9B /* AFHTTPRequestOperation.m in Sources */ = {isa = PBXBuildFile; fileRef = 7D8875501A198AC8008A8F9B /* AFHTTPRequestOperation.m */; };
		7D8875631A198AC8008A8F9B /* AFHTTPRequestOperationManager.m in Sources */ = {isa = PBXBuildFile; fileRef = 7D8875521A198AC8008A8F9B /* AFHTTPRequestOperationManager.m */; };
		7D8875641A198AC8008A8F9B /* AFHTTPSessionManager.m in Sources */ = {isa = PBXBuildFile; fileRef = 7D8875541A198AC8008A8F9B /* AFHTTPSessionManager.m */; };
		7D8875651A198AC8008A8F9B /* AFNetworkReachabilityManager.m in Sources */ = {isa = PBXBuildFile; fileRef = 7D8875571A198AC8008A8F9B /* AFNetworkReachabilityManager.m */; };
		7D8875661A198AC8008A8F9B /* AFSecurityPolicy.m in Sources */ = {isa = PBXBuildFile; fileRef = 7D8875591A198AC8008A8F9B /* AFSecurityPolicy.m */; };
		7D8875671A198AC8008A8F9B /* AFURLConnectionOperation.m in Sources */ = {isa = PBXBuildFile; fileRef = 7D88755B1A198AC8008A8F9B /* AFURLConnectionOperation.m */; };
		7D8875681A198AC8008A8F9B /* AFURLRequestSerialization.m in Sources */ = {isa = PBXBuildFile; fileRef = 7D88755D1A198AC8008A8F9B /* AFURLRequestSerialization.m */; };
		7D8875691A198AC8008A8F9B /* AFURLResponseSerialization.m in Sources */ = {isa = PBXBuildFile; fileRef = 7D88755F1A198AC8008A8F9B /* AFURLResponseSerialization.m */; };
		7D88756A1A198AC8008A8F9B /* AFURLSessionManager.m in Sources */ = {isa = PBXBuildFile; fileRef = 7D8875611A198AC8008A8F9B /* AFURLSessionManager.m */; };
		7D88756C1A198BC2008A8F9B /* WebKit.framework in Frameworks */ = {isa = PBXBuildFile; fileRef = 7D88756B1A198BC2008A8F9B /* WebKit.framework */; };
		7DA9FFC117A4C7F8001742FB /* SpotifyBridge.m in Sources */ = {isa = PBXBuildFile; fileRef = 7DA9FFC017A4C7F8001742FB /* SpotifyBridge.m */; };
		7DAA9BF1190CF182002652EC /* Cocoa.framework in Frameworks */ = {isa = PBXBuildFile; fileRef = 7DB4EB0317A4B81E00520108 /* Cocoa.framework */; };
		7DB4EB0617A4B81E00520108 /* ScriptingBridge.framework in Frameworks */ = {isa = PBXBuildFile; fileRef = 7DB4EB0517A4B81E00520108 /* ScriptingBridge.framework */; };
		7DB4EB0C17A4B81E00520108 /* InfoPlist.strings in Resources */ = {isa = PBXBuildFile; fileRef = 7DB4EB0A17A4B81E00520108 /* InfoPlist.strings */; };
		7DB4EB1817A4B81E00520108 /* Spotify_PluginAction.m in Sources */ = {isa = PBXBuildFile; fileRef = 7DB4EB1717A4B81E00520108 /* Spotify_PluginAction.m */; };
		7DB4EB1B17A4B81E00520108 /* Spotify_PluginSource.m in Sources */ = {isa = PBXBuildFile; fileRef = 7DB4EB1A17A4B81E00520108 /* Spotify_PluginSource.m */; };
		7DB4EB2217A4B8A000520108 /* Spotify.app in Resources */ = {isa = PBXBuildFile; fileRef = 7DB4EB2117A4B8A000520108 /* Spotify.app */; };
		7DB4EB2617A4BB9C00520108 /* Spotify.app in Sources */ = {isa = PBXBuildFile; fileRef = 7DB4EB2117A4B8A000520108 /* Spotify.app */; };
/* End PBXBuildFile section */

/* Begin PBXBuildRule section */
		7DB4EB2417A4B95F00520108 /* PBXBuildRule */ = {
			isa = PBXBuildRule;
			compilerSpec = com.apple.compilers.proxy.script;
			filePatterns = "*.app";
			fileType = pattern.proxy;
			isEditable = 1;
			outputFiles = (
				"$(DERIVED_FILES_DIR)/$(INPUT_FILE_BASE).h",
			);
			script = "sdef \"$INPUT_FILE_PATH\" | sdp -fh -o \"$DERIVED_FILES_DIR\" --basename \"$INPUT_FILE_BASE\" --bundleid `defaults read \"$INPUT_FILE_PATH/Contents/Info\" CFBundleIdentifier`";
		};
/* End PBXBuildRule section */

/* Begin PBXCopyFilesBuildPhase section */
		7D52EC71190CE82400D8A1DB /* CopyFiles */ = {
			isa = PBXCopyFilesBuildPhase;
			buildActionMask = 2147483647;
			dstPath = "";
			dstSubfolderSpec = 10;
			files = (
			);
			runOnlyForDeploymentPostprocessing = 0;
		};
/* End PBXCopyFilesBuildPhase section */

/* Begin PBXFileReference section */
		7D026621190CB7A500953F58 /* QSSpotifyPrefPane.xib */ = {isa = PBXFileReference; fileEncoding = 4; lastKnownFileType = file.xib; path = QSSpotifyPrefPane.xib; sourceTree = "<group>"; };
		7D026623190CB7C500953F58 /* QSSpotifyPrefPane.h */ = {isa = PBXFileReference; fileEncoding = 4; lastKnownFileType = sourcecode.c.h; path = QSSpotifyPrefPane.h; sourceTree = "<group>"; };
		7D026624190CB7C500953F58 /* QSSpotifyPrefPane.m */ = {isa = PBXFileReference; fileEncoding = 4; lastKnownFileType = sourcecode.c.objc; path = QSSpotifyPrefPane.m; sourceTree = "<group>"; };
		7D0910D4182491D300991277 /* Info.plist */ = {isa = PBXFileReference; lastKnownFileType = text.plist.xml; path = Info.plist; sourceTree = SOURCE_ROOT; };
		7D0910D61824936900991277 /* Spotify.h */ = {isa = PBXFileReference; lastKnownFileType = sourcecode.c.h; path = Spotify.h; sourceTree = "<group>"; };
		7D1B439D1BB4CA3700A932B3 /* QSSpotifySecret.h */ = {isa = PBXFileReference; lastKnownFileType = sourcecode.c.h; path = QSSpotifySecret.h; sourceTree = "<group>"; };
		7D413BC1190E0563008CECFE /* QSSpotifyUtil.h */ = {isa = PBXFileReference; fileEncoding = 4; lastKnownFileType = sourcecode.c.h; path = QSSpotifyUtil.h; sourceTree = "<group>"; };
		7D413BC2190E0563008CECFE /* QSSpotifyUtil.m */ = {isa = PBXFileReference; fileEncoding = 4; lastKnownFileType = sourcecode.c.objc; path = QSSpotifyUtil.m; sourceTree = "<group>"; };
		7D88754F1A198AC8008A8F9B /* AFHTTPRequestOperation.h */ = {isa = PBXFileReference; fileEncoding = 4; lastKnownFileType = sourcecode.c.h; path = AFHTTPRequestOperation.h; sourceTree = "<group>"; };
		7D8875501A198AC8008A8F9B /* AFHTTPRequestOperation.m */ = {isa = PBXFileReference; fileEncoding = 4; lastKnownFileType = sourcecode.c.objc; path = AFHTTPRequestOperation.m; sourceTree = "<group>"; };
		7D8875511A198AC8008A8F9B /* AFHTTPRequestOperationManager.h */ = {isa = PBXFileReference; fileEncoding = 4; lastKnownFileType = sourcecode.c.h; path = AFHTTPRequestOperationManager.h; sourceTree = "<group>"; };
		7D8875521A198AC8008A8F9B /* AFHTTPRequestOperationManager.m */ = {isa = PBXFileReference; fileEncoding = 4; lastKnownFileType = sourcecode.c.objc; path = AFHTTPRequestOperationManager.m; sourceTree = "<group>"; };
		7D8875531A198AC8008A8F9B /* AFHTTPSessionManager.h */ = {isa = PBXFileReference; fileEncoding = 4; lastKnownFileType = sourcecode.c.h; path = AFHTTPSessionManager.h; sourceTree = "<group>"; };
		7D8875541A198AC8008A8F9B /* AFHTTPSessionManager.m */ = {isa = PBXFileReference; fileEncoding = 4; lastKnownFileType = sourcecode.c.objc; path = AFHTTPSessionManager.m; sourceTree = "<group>"; };
		7D8875551A198AC8008A8F9B /* AFNetworking.h */ = {isa = PBXFileReference; fileEncoding = 4; lastKnownFileType = sourcecode.c.h; path = AFNetworking.h; sourceTree = "<group>"; };
		7D8875561A198AC8008A8F9B /* AFNetworkReachabilityManager.h */ = {isa = PBXFileReference; fileEncoding = 4; lastKnownFileType = sourcecode.c.h; path = AFNetworkReachabilityManager.h; sourceTree = "<group>"; };
		7D8875571A198AC8008A8F9B /* AFNetworkReachabilityManager.m */ = {isa = PBXFileReference; fileEncoding = 4; lastKnownFileType = sourcecode.c.objc; path = AFNetworkReachabilityManager.m; sourceTree = "<group>"; };
		7D8875581A198AC8008A8F9B /* AFSecurityPolicy.h */ = {isa = PBXFileReference; fileEncoding = 4; lastKnownFileType = sourcecode.c.h; path = AFSecurityPolicy.h; sourceTree = "<group>"; };
		7D8875591A198AC8008A8F9B /* AFSecurityPolicy.m */ = {isa = PBXFileReference; fileEncoding = 4; lastKnownFileType = sourcecode.c.objc; path = AFSecurityPolicy.m; sourceTree = "<group>"; };
		7D88755A1A198AC8008A8F9B /* AFURLConnectionOperation.h */ = {isa = PBXFileReference; fileEncoding = 4; lastKnownFileType = sourcecode.c.h; path = AFURLConnectionOperation.h; sourceTree = "<group>"; };
		7D88755B1A198AC8008A8F9B /* AFURLConnectionOperation.m */ = {isa = PBXFileReference; fileEncoding = 4; lastKnownFileType = sourcecode.c.objc; path = AFURLConnectionOperation.m; sourceTree = "<group>"; };
		7D88755C1A198AC8008A8F9B /* AFURLRequestSerialization.h */ = {isa = PBXFileReference; fileEncoding = 4; lastKnownFileType = sourcecode.c.h; path = AFURLRequestSerialization.h; sourceTree = "<group>"; };
		7D88755D1A198AC8008A8F9B /* AFURLRequestSerialization.m */ = {isa = PBXFileReference; fileEncoding = 4; lastKnownFileType = sourcecode.c.objc; path = AFURLRequestSerialization.m; sourceTree = "<group>"; };
		7D88755E1A198AC8008A8F9B /* AFURLResponseSerialization.h */ = {isa = PBXFileReference; fileEncoding = 4; lastKnownFileType = sourcecode.c.h; path = AFURLResponseSerialization.h; sourceTree = "<group>"; };
		7D88755F1A198AC8008A8F9B /* AFURLResponseSerialization.m */ = {isa = PBXFileReference; fileEncoding = 4; lastKnownFileType = sourcecode.c.objc; path = AFURLResponseSerialization.m; sourceTree = "<group>"; };
		7D8875601A198AC8008A8F9B /* AFURLSessionManager.h */ = {isa = PBXFileReference; fileEncoding = 4; lastKnownFileType = sourcecode.c.h; path = AFURLSessionManager.h; sourceTree = "<group>"; };
		7D8875611A198AC8008A8F9B /* AFURLSessionManager.m */ = {isa = PBXFileReference; fileEncoding = 4; lastKnownFileType = sourcecode.c.objc; path = AFURLSessionManager.m; sourceTree = "<group>"; };
		7D88756B1A198BC2008A8F9B /* WebKit.framework */ = {isa = PBXFileReference; lastKnownFileType = wrapper.framework; name = WebKit.framework; path = System/Library/Frameworks/WebKit.framework; sourceTree = SDKROOT; };
		7D88756F1A19B407008A8F9B /* QSInterface.framework */ = {isa = PBXFileReference; lastKnownFileType = wrapper.framework; path = QSInterface.framework; sourceTree = "<group>"; };
		7DA9FFBF17A4C7F8001742FB /* SpotifyBridge.h */ = {isa = PBXFileReference; fileEncoding = 4; lastKnownFileType = sourcecode.c.h; path = SpotifyBridge.h; sourceTree = "<group>"; };
		7DA9FFC017A4C7F8001742FB /* SpotifyBridge.m */ = {isa = PBXFileReference; fileEncoding = 4; lastKnownFileType = sourcecode.c.objc; path = SpotifyBridge.m; sourceTree = "<group>"; };
		7DB4EB0017A4B81E00520108 /* Spotify Plugin.bundle */ = {isa = PBXFileReference; explicitFileType = wrapper.cfbundle; includeInIndex = 0; name = "Spotify Plugin.bundle"; path = "Spotify Plugin.qsplugin"; sourceTree = BUILT_PRODUCTS_DIR; };
		7DB4EB0317A4B81E00520108 /* Cocoa.framework */ = {isa = PBXFileReference; lastKnownFileType = wrapper.framework; name = Cocoa.framework; path = System/Library/Frameworks/Cocoa.framework; sourceTree = SDKROOT; };
		7DB4EB0517A4B81E00520108 /* ScriptingBridge.framework */ = {isa = PBXFileReference; lastKnownFileType = wrapper.framework; name = ScriptingBridge.framework; path = System/Library/Frameworks/ScriptingBridge.framework; sourceTree = SDKROOT; };
		7DB4EB0B17A4B81E00520108 /* en */ = {isa = PBXFileReference; lastKnownFileType = text.plist.strings; name = en; path = en.lproj/InfoPlist.strings; sourceTree = "<group>"; };
		7DB4EB0E17A4B81E00520108 /* Common.xcconfig */ = {isa = PBXFileReference; lastKnownFileType = text.xcconfig; path = Common.xcconfig; sourceTree = "<group>"; };
		7DB4EB0F17A4B81E00520108 /* Debug.xcconfig */ = {isa = PBXFileReference; lastKnownFileType = text.xcconfig; path = Debug.xcconfig; sourceTree = "<group>"; };
		7DB4EB1017A4B81E00520108 /* Developer.xcconfig */ = {isa = PBXFileReference; lastKnownFileType = text.xcconfig; path = Developer.xcconfig; sourceTree = "<group>"; };
		7DB4EB1117A4B81E00520108 /* QSPlugIn.xcconfig */ = {isa = PBXFileReference; lastKnownFileType = text.xcconfig; path = QSPlugIn.xcconfig; sourceTree = "<group>"; };
		7DB4EB1217A4B81E00520108 /* Quicksilver.pch */ = {isa = PBXFileReference; lastKnownFileType = sourcecode.c.h; path = Quicksilver.pch; sourceTree = "<group>"; };
		7DB4EB1317A4B81E00520108 /* Release.xcconfig */ = {isa = PBXFileReference; lastKnownFileType = text.xcconfig; path = Release.xcconfig; sourceTree = "<group>"; };
		7DB4EB1617A4B81E00520108 /* Spotify_PluginAction.h */ = {isa = PBXFileReference; lastKnownFileType = sourcecode.c.h; path = Spotify_PluginAction.h; sourceTree = "<group>"; };
		7DB4EB1717A4B81E00520108 /* Spotify_PluginAction.m */ = {isa = PBXFileReference; lastKnownFileType = sourcecode.c.objc; path = Spotify_PluginAction.m; sourceTree = "<group>"; };
		7DB4EB1917A4B81E00520108 /* Spotify_PluginSource.h */ = {isa = PBXFileReference; lastKnownFileType = sourcecode.c.h; path = Spotify_PluginSource.h; sourceTree = "<group>"; };
		7DB4EB1A17A4B81E00520108 /* Spotify_PluginSource.m */ = {isa = PBXFileReference; lastKnownFileType = sourcecode.c.objc; path = Spotify_PluginSource.m; sourceTree = "<group>"; };
		7DB4EB2117A4B8A000520108 /* Spotify.app */ = {isa = PBXFileReference; lastKnownFileType = wrapper.application; name = Spotify.app; path = /tmp/QS/build/Debug/../../../../../Applications/Spotify.app; sourceTree = "<absolute>"; };
		7DC3ADF91A5250710043B6E3 /* QSSpotifyDefines.h */ = {isa = PBXFileReference; fileEncoding = 4; lastKnownFileType = sourcecode.c.h; name = QSSpotifyDefines.h; path = "Spotify Plugin/QSSpotifyDefines.h"; sourceTree = "<group>"; };
/* End PBXFileReference section */

/* Begin PBXFrameworksBuildPhase section */
		7DB4EAFD17A4B81E00520108 /* Frameworks */ = {
			isa = PBXFrameworksBuildPhase;
			buildActionMask = 2147483647;
			files = (
				7D88756C1A198BC2008A8F9B /* WebKit.framework in Frameworks */,
				7DAA9BF1190CF182002652EC /* Cocoa.framework in Frameworks */,
				7DB4EB0617A4B81E00520108 /* ScriptingBridge.framework in Frameworks */,
			);
			runOnlyForDeploymentPostprocessing = 0;
		};
/* End PBXFrameworksBuildPhase section */

/* Begin PBXGroup section */
		7D88754E1A198AC8008A8F9B /* AFNetworking */ = {
			isa = PBXGroup;
			children = (
				7D88754F1A198AC8008A8F9B /* AFHTTPRequestOperation.h */,
				7D8875501A198AC8008A8F9B /* AFHTTPRequestOperation.m */,
				7D8875511A198AC8008A8F9B /* AFHTTPRequestOperationManager.h */,
				7D8875521A198AC8008A8F9B /* AFHTTPRequestOperationManager.m */,
				7D8875531A198AC8008A8F9B /* AFHTTPSessionManager.h */,
				7D8875541A198AC8008A8F9B /* AFHTTPSessionManager.m */,
				7D8875551A198AC8008A8F9B /* AFNetworking.h */,
				7D8875561A198AC8008A8F9B /* AFNetworkReachabilityManager.h */,
				7D8875571A198AC8008A8F9B /* AFNetworkReachabilityManager.m */,
				7D8875581A198AC8008A8F9B /* AFSecurityPolicy.h */,
				7D8875591A198AC8008A8F9B /* AFSecurityPolicy.m */,
				7D88755A1A198AC8008A8F9B /* AFURLConnectionOperation.h */,
				7D88755B1A198AC8008A8F9B /* AFURLConnectionOperation.m */,
				7D88755C1A198AC8008A8F9B /* AFURLRequestSerialization.h */,
				7D88755D1A198AC8008A8F9B /* AFURLRequestSerialization.m */,
				7D88755E1A198AC8008A8F9B /* AFURLResponseSerialization.h */,
				7D88755F1A198AC8008A8F9B /* AFURLResponseSerialization.m */,
				7D8875601A198AC8008A8F9B /* AFURLSessionManager.h */,
				7D8875611A198AC8008A8F9B /* AFURLSessionManager.m */,
			);
			path = AFNetworking;
			sourceTree = "<group>";
		};
		7DB4EAF617A4B81E00520108 = {
			isa = PBXGroup;
			children = (
				7D026621190CB7A500953F58 /* QSSpotifyPrefPane.xib */,
				7DC3ADF91A5250710043B6E3 /* QSSpotifyDefines.h */,
				7D1B439D1BB4CA3700A932B3 /* QSSpotifySecret.h */,
				7DB4EB2117A4B8A000520108 /* Spotify.app */,
				7DB4EB0717A4B81E00520108 /* Spotify Plugin */,
				7DB4EB0217A4B81E00520108 /* Frameworks */,
				7DB4EB0117A4B81E00520108 /* Products */,
			);
			sourceTree = "<group>";
		};
		7DB4EB0117A4B81E00520108 /* Products */ = {
			isa = PBXGroup;
			children = (
				7DB4EB0017A4B81E00520108 /* Spotify Plugin.bundle */,
			);
			name = Products;
			sourceTree = "<group>";
		};
		7DB4EB0217A4B81E00520108 /* Frameworks */ = {
			isa = PBXGroup;
			children = (
				7D88756F1A19B407008A8F9B /* QSInterface.framework */,
				7D88756B1A198BC2008A8F9B /* WebKit.framework */,
				7DB4EB0317A4B81E00520108 /* Cocoa.framework */,
				7DB4EB0517A4B81E00520108 /* ScriptingBridge.framework */,
			);
			name = Frameworks;
			sourceTree = "<group>";
		};
		7DB4EB0717A4B81E00520108 /* Spotify Plugin */ = {
			isa = PBXGroup;
			children = (
				7DE90C841A173F44005EB1B1 /* OAuth Sources */,
				7D026623190CB7C500953F58 /* QSSpotifyPrefPane.h */,
				7D026624190CB7C500953F58 /* QSSpotifyPrefPane.m */,
				7DA9FFBF17A4C7F8001742FB /* SpotifyBridge.h */,
				7DA9FFC017A4C7F8001742FB /* SpotifyBridge.m */,
				7DB4EB1617A4B81E00520108 /* Spotify_PluginAction.h */,
				7DB4EB1717A4B81E00520108 /* Spotify_PluginAction.m */,
				7DB4EB1917A4B81E00520108 /* Spotify_PluginSource.h */,
				7DB4EB1A17A4B81E00520108 /* Spotify_PluginSource.m */,
				7D413BC1190E0563008CECFE /* QSSpotifyUtil.h */,
				7D413BC2190E0563008CECFE /* QSSpotifyUtil.m */,
				7DB4EB0D17A4B81E00520108 /* Configuration */,
				7DB4EB0817A4B81E00520108 /* Supporting Files */,
			);
			path = "Spotify Plugin";
			sourceTree = "<group>";
		};
		7DB4EB0817A4B81E00520108 /* Supporting Files */ = {
			isa = PBXGroup;
			children = (
				7D0910D61824936900991277 /* Spotify.h */,
				7D0910D4182491D300991277 /* Info.plist */,
				7DB4EB0A17A4B81E00520108 /* InfoPlist.strings */,
			);
			name = "Supporting Files";
			sourceTree = "<group>";
		};
		7DB4EB0D17A4B81E00520108 /* Configuration */ = {
			isa = PBXGroup;
			children = (
				7DB4EB0E17A4B81E00520108 /* Common.xcconfig */,
				7DB4EB0F17A4B81E00520108 /* Debug.xcconfig */,
				7DB4EB1017A4B81E00520108 /* Developer.xcconfig */,
				7DB4EB1117A4B81E00520108 /* QSPlugIn.xcconfig */,
				7DB4EB1217A4B81E00520108 /* Quicksilver.pch */,
				7DB4EB1317A4B81E00520108 /* Release.xcconfig */,
			);
			name = Configuration;
			path = /private/tmp/QS/Configuration;
			sourceTree = "<absolute>";
		};
		7DE90C841A173F44005EB1B1 /* OAuth Sources */ = {
			isa = PBXGroup;
			children = (
				7D88754E1A198AC8008A8F9B /* AFNetworking */,
			);
			name = "OAuth Sources";
			sourceTree = "<group>";
		};
/* End PBXGroup section */

/* Begin PBXNativeTarget section */
		7DB4EAFF17A4B81E00520108 /* Spotify Plugin */ = {
			isa = PBXNativeTarget;
			buildConfigurationList = 7DB4EB1E17A4B81E00520108 /* Build configuration list for PBXNativeTarget "Spotify Plugin" */;
			buildPhases = (
				7DB4EAFB17A4B81E00520108 /* Run Script */,
				7DB4EAFC17A4B81E00520108 /* Sources */,
				7DB4EAFD17A4B81E00520108 /* Frameworks */,
				7DB4EAFE17A4B81E00520108 /* Resources */,
				7D52EC71190CE82400D8A1DB /* CopyFiles */,
			);
			buildRules = (
				7DB4EB2417A4B95F00520108 /* PBXBuildRule */,
			);
			dependencies = (
			);
			name = "Spotify Plugin";
			productName = "Spotify Plugin";
			productReference = 7DB4EB0017A4B81E00520108 /* Spotify Plugin.bundle */;
			productType = "com.apple.product-type.bundle";
		};
/* End PBXNativeTarget section */

/* Begin PBXProject section */
		7DB4EAF717A4B81E00520108 /* Project object */ = {
			isa = PBXProject;
			attributes = {
				LastUpgradeCheck = 0640;
				ORGANIZATIONNAME = "Jin Yifan";
			};
			buildConfigurationList = 7DB4EAFA17A4B81E00520108 /* Build configuration list for PBXProject "Spotify Plugin" */;
			compatibilityVersion = "Xcode 3.2";
			developmentRegion = English;
			hasScannedForEncodings = 0;
			knownRegions = (
				en,
			);
			mainGroup = 7DB4EAF617A4B81E00520108;
			productRefGroup = 7DB4EB0117A4B81E00520108 /* Products */;
			projectDirPath = "";
			projectRoot = "";
			targets = (
				7DB4EAFF17A4B81E00520108 /* Spotify Plugin */,
			);
		};
/* End PBXProject section */

/* Begin PBXResourcesBuildPhase section */
		7DB4EAFE17A4B81E00520108 /* Resources */ = {
			isa = PBXResourcesBuildPhase;
			buildActionMask = 2147483647;
			files = (
				7DB4EB0C17A4B81E00520108 /* InfoPlist.strings in Resources */,
				7DB4EB2217A4B8A000520108 /* Spotify.app in Resources */,
				7D026622190CB7A500953F58 /* QSSpotifyPrefPane.xib in Resources */,
			);
			runOnlyForDeploymentPostprocessing = 0;
		};
/* End PBXResourcesBuildPhase section */

/* Begin PBXShellScriptBuildPhase section */
		7DB4EAFB17A4B81E00520108 /* Run Script */ = {
			isa = PBXShellScriptBuildPhase;
			buildActionMask = 2147483647;
			files = (
			);
			inputPaths = (
			);
			name = "Run Script";
			outputPaths = (
			);
			runOnlyForDeploymentPostprocessing = 1;
			shellPath = /bin/sh;
			shellScript = "\"$QS_BUILD_ROOT/Tools/bltrversion\"";
		};
/* End PBXShellScriptBuildPhase section */

/* Begin PBXSourcesBuildPhase section */
		7DB4EAFC17A4B81E00520108 /* Sources */ = {
			isa = PBXSourcesBuildPhase;
			buildActionMask = 2147483647;
			files = (
				7D8875621A198AC8008A8F9B /* AFHTTPRequestOperation.m in Sources */,
				7DB4EB2617A4BB9C00520108 /* Spotify.app in Sources */,
				7DB4EB1817A4B81E00520108 /* Spotify_PluginAction.m in Sources */,
				7D88756A1A198AC8008A8F9B /* AFURLSessionManager.m in Sources */,
				7D8875641A198AC8008A8F9B /* AFHTTPSessionManager.m in Sources */,
				7D8875651A198AC8008A8F9B /* AFNetworkReachabilityManager.m in Sources */,
				7DB4EB1B17A4B81E00520108 /* Spotify_PluginSource.m in Sources */,
				7D8875691A198AC8008A8F9B /* AFURLResponseSerialization.m in Sources */,
				7D8875681A198AC8008A8F9B /* AFURLRequestSerialization.m in Sources */,
				7D8875671A198AC8008A8F9B /* AFURLConnectionOperation.m in Sources */,
				7D8875631A198AC8008A8F9B /* AFHTTPRequestOperationManager.m in Sources */,
				7D026625190CB7C500953F58 /* QSSpotifyPrefPane.m in Sources */,
				7D413BC3190E0563008CECFE /* QSSpotifyUtil.m in Sources */,
				7D8875661A198AC8008A8F9B /* AFSecurityPolicy.m in Sources */,
				7DA9FFC117A4C7F8001742FB /* SpotifyBridge.m in Sources */,
			);
			runOnlyForDeploymentPostprocessing = 0;
		};
/* End PBXSourcesBuildPhase section */

/* Begin PBXVariantGroup section */
		7DB4EB0A17A4B81E00520108 /* InfoPlist.strings */ = {
			isa = PBXVariantGroup;
			children = (
				7DB4EB0B17A4B81E00520108 /* en */,
			);
			name = InfoPlist.strings;
			sourceTree = "<group>";
		};
/* End PBXVariantGroup section */

/* Begin XCBuildConfiguration section */
		7DB4EB1C17A4B81E00520108 /* Debug */ = {
			isa = XCBuildConfiguration;
			baseConfigurationReference = 7DB4EB0F17A4B81E00520108 /* Debug.xcconfig */;
			buildSettings = {
				CLANG_WARN_UNREACHABLE_CODE = YES;
				ENABLE_STRICT_OBJC_MSGSEND = YES;
				GCC_NO_COMMON_BLOCKS = YES;
				ONLY_ACTIVE_ARCH = YES;
			};
			name = Debug;
		};
		7DB4EB1D17A4B81E00520108 /* Release */ = {
			isa = XCBuildConfiguration;
			baseConfigurationReference = 7DB4EB1317A4B81E00520108 /* Release.xcconfig */;
			buildSettings = {
				CLANG_WARN_UNREACHABLE_CODE = YES;
				ENABLE_STRICT_OBJC_MSGSEND = YES;
				GCC_NO_COMMON_BLOCKS = YES;
			};
			name = Release;
		};
		7DB4EB1F17A4B81E00520108 /* Debug */ = {
			isa = XCBuildConfiguration;
			baseConfigurationReference = 7DB4EB1117A4B81E00520108 /* QSPlugIn.xcconfig */;
			buildSettings = {
				CLANG_ENABLE_OBJC_ARC = YES;
				FRAMEWORK_SEARCH_PATHS = (
					"$(inherited)",
					"$(PROJECT_DIR)",
				);
				PRODUCT_NAME = "$(TARGET_NAME)";
				SDKROOT = macosx;
			};
			name = Debug;
		};
		7DB4EB2017A4B81E00520108 /* Release */ = {
			isa = XCBuildConfiguration;
			baseConfigurationReference = 7DB4EB1117A4B81E00520108 /* QSPlugIn.xcconfig */;
			buildSettings = {
				CLANG_ENABLE_OBJC_ARC = YES;
				FRAMEWORK_SEARCH_PATHS = (
					"$(inherited)",
					"$(PROJECT_DIR)",
				);
				PRODUCT_NAME = "$(TARGET_NAME)";
				SDKROOT = macosx;
			};
			name = Release;
		};
/* End XCBuildConfiguration section */

/* Begin XCConfigurationList section */
		7DB4EAFA17A4B81E00520108 /* Build configuration list for PBXProject "Spotify Plugin" */ = {
			isa = XCConfigurationList;
			buildConfigurations = (
				7DB4EB1C17A4B81E00520108 /* Debug */,
				7DB4EB1D17A4B81E00520108 /* Release */,
			);
			defaultConfigurationIsVisible = 0;
			defaultConfigurationName = Release;
		};
		7DB4EB1E17A4B81E00520108 /* Build configuration list for PBXNativeTarget "Spotify Plugin" */ = {
			isa = XCConfigurationList;
			buildConfigurations = (
				7DB4EB1F17A4B81E00520108 /* Debug */,
				7DB4EB2017A4B81E00520108 /* Release */,
			);
			defaultConfigurationIsVisible = 0;
			defaultConfigurationName = Release;
		};
/* End XCConfigurationList section */
	};
	rootObject = 7DB4EAF717A4B81E00520108 /* Project object */;
}
